
Microsoft Visual Studio Solution File, Format Version 12.00
# Visual Studio Version 17
VisualStudioVersion = 17.7.34024.191
MinimumVisualStudioVersion = 10.0.40219.1
Project("{FAE04EC0-301F-11D3-BF4B-00C04F79EFBC}") = "Lesson1", "Lesson1.csproj", "{F61A770E-73B9-4439-BA0E-A2EE1EB106F3}"
EndProject
Global
	GlobalSection(SolutionConfigurationPlatforms) = preSolution
		Debug|Any CPU = Debug|Any CPU
		Release|Any CPU = Release|Any CPU
	EndGlobalSection
	GlobalSection(ProjectConfigurationPlatforms) = postSolution
		{F61A770E-73B9-4439-BA0E-A2EE1EB106F3}.Debug|Any CPU.ActiveCfg = Debug|Any CPU
		{F61A770E-73B9-4439-BA0E-A2EE1EB106F3}.Debug|Any CPU.Build.0 = Debug|Any CPU
		{F61A770E-73B9-4439-BA0E-A2EE1EB106F3}.Release|Any CPU.ActiveCfg = Release|Any CPU
		{F61A770E-73B9-4439-BA0E-A2EE1EB106F3}.Release|Any CPU.Build.0 = Release|Any CPU
	EndGlobalSection
	GlobalSection(SolutionProperties) = preSolution
		HideSolutionNode = FALSE
	EndGlobalSection
	GlobalSection(ExtensibilityGlobals) = postSolution
		SolutionGuid = {AE43CCE7-A1D2-44DD-B6AE-ECB10BF79C0C}
	EndGlobalSection
EndGlobal
